
Microsoft Visual Studio Solution File, Format Version 12.00
# Visual Studio Version 17
VisualStudioVersion = 17.0.31903.59
MinimumVisualStudioVersion = 10.0.40219.1
Project("{FAE04EC0-301F-11D3-BF4B-00C04F79EFBC}") = "BookStoreMaui.Web", "BookStoreMaui.Web\BookStoreMaui.Web.csproj", "{D22A1024-3DCA-4F28-B8D0-84D9AD24D5C9}"
EndProject
Project("{FAE04EC0-301F-11D3-BF4B-00C04F79EFBC}") = "BookStoreMaui.Mobile", "BookStoreMaui.Mobile\BookStoreMaui.Mobile.csproj", "{30BFA56B-FB82-44D0-8471-CD7591014742}"
EndProject
Project("{FAE04EC0-301F-11D3-BF4B-00C04F79EFBC}") = "BookStoreMaui.Shared", "BookStoreMaui.Shared\BookStoreMaui.Shared.csproj", "{C108D319-C5E9-4790-A5A0-B322CFEC68C0}"
EndProject
Project("{FAE04EC0-301F-11D3-BF4B-00C04F79EFBC}") = "BookStoreMaui.Shared.Components", "BookStoreMaui.Shared.Components\BookStoreMaui.Shared.Components.csproj", "{E4542A92-57CC-48A1-9A96-5F6AD467B812}"
EndProject
Global
	GlobalSection(SolutionConfigurationPlatforms) = preSolution
		Debug|Any CPU = Debug|Any CPU
		Release|Any CPU = Release|Any CPU
	EndGlobalSection
	GlobalSection(ProjectConfigurationPlatforms) = postSolution
		{D22A1024-3DCA-4F28-B8D0-84D9AD24D5C9}.Debug|Any CPU.ActiveCfg = Debug|Any CPU
		{D22A1024-3DCA-4F28-B8D0-84D9AD24D5C9}.Debug|Any CPU.Build.0 = Debug|Any CPU
		{D22A1024-3DCA-4F28-B8D0-84D9AD24D5C9}.Release|Any CPU.ActiveCfg = Release|Any CPU
		{D22A1024-3DCA-4F28-B8D0-84D9AD24D5C9}.Release|Any CPU.Build.0 = Release|Any CPU
		{30BFA56B-FB82-44D0-8471-CD7591014742}.Debug|Any CPU.ActiveCfg = Debug|Any CPU
		{30BFA56B-FB82-44D0-8471-CD7591014742}.Debug|Any CPU.Build.0 = Debug|Any CPU
		{30BFA56B-FB82-44D0-8471-CD7591014742}.Debug|Any CPU.Deploy.0 = Debug|Any CPU
		{30BFA56B-FB82-44D0-8471-CD7591014742}.Release|Any CPU.ActiveCfg = Release|Any CPU
		{30BFA56B-FB82-44D0-8471-CD7591014742}.Release|Any CPU.Build.0 = Release|Any CPU
		{30BFA56B-FB82-44D0-8471-CD7591014742}.Release|Any CPU.Deploy.0 = Release|Any CPU
		{C108D319-C5E9-4790-A5A0-B322CFEC68C0}.Debug|Any CPU.ActiveCfg = Debug|Any CPU
		{C108D319-C5E9-4790-A5A0-B322CFEC68C0}.Debug|Any CPU.Build.0 = Debug|Any CPU
		{C108D319-C5E9-4790-A5A0-B322CFEC68C0}.Release|Any CPU.ActiveCfg = Release|Any CPU
		{C108D319-C5E9-4790-A5A0-B322CFEC68C0}.Release|Any CPU.Build.0 = Release|Any CPU
		{E4542A92-57CC-48A1-9A96-5F6AD467B812}.Debug|Any CPU.ActiveCfg = Debug|Any CPU
		{E4542A92-57CC-48A1-9A96-5F6AD467B812}.Debug|Any CPU.Build.0 = Debug|Any CPU
		{E4542A92-57CC-48A1-9A96-5F6AD467B812}.Release|Any CPU.ActiveCfg = Release|Any CPU
		{E4542A92-57CC-48A1-9A96-5F6AD467B812}.Release|Any CPU.Build.0 = Release|Any CPU
	EndGlobalSection
	GlobalSection(SolutionProperties) = preSolution
		HideSolutionNode = FALSE
	EndGlobalSection
EndGlobal
